
Microsoft Visual Studio Solution File, Format Version 12.00
# Visual Studio Version 17
VisualStudioVersion = 17.11.35327.3
MinimumVisualStudioVersion = 10.0.40219.1
Project("{FAE04EC0-301F-11D3-BF4B-00C04F79EFBC}") = "zada1", "zada1\zada1.csproj", "{89FE2049-1FCD-4B9A-8E30-27DD6228AF1E}"
EndProject
Project("{FAE04EC0-301F-11D3-BF4B-00C04F79EFBC}") = "zada2", "zada2\zada2.csproj", "{BB8AB77D-2EE1-467F-82CF-A905DDA9435C}"
EndProject
Global
	GlobalSection(SolutionConfigurationPlatforms) = preSolution
		Debug|Any CPU = Debug|Any CPU
		Release|Any CPU = Release|Any CPU
	EndGlobalSection
	GlobalSection(ProjectConfigurationPlatforms) = postSolution
		{89FE2049-1FCD-4B9A-8E30-27DD6228AF1E}.Debug|Any CPU.ActiveCfg = Debug|Any CPU
		{89FE2049-1FCD-4B9A-8E30-27DD6228AF1E}.Debug|Any CPU.Build.0 = Debug|Any CPU
		{89FE2049-1FCD-4B9A-8E30-27DD6228AF1E}.Release|Any CPU.ActiveCfg = Release|Any CPU
		{89FE2049-1FCD-4B9A-8E30-27DD6228AF1E}.Release|Any CPU.Build.0 = Release|Any CPU
		{BB8AB77D-2EE1-467F-82CF-A905DDA9435C}.Debug|Any CPU.ActiveCfg = Debug|Any CPU
		{BB8AB77D-2EE1-467F-82CF-A905DDA9435C}.Debug|Any CPU.Build.0 = Debug|Any CPU
		{BB8AB77D-2EE1-467F-82CF-A905DDA9435C}.Release|Any CPU.ActiveCfg = Release|Any CPU
		{BB8AB77D-2EE1-467F-82CF-A905DDA9435C}.Release|Any CPU.Build.0 = Release|Any CPU
	EndGlobalSection
	GlobalSection(SolutionProperties) = preSolution
		HideSolutionNode = FALSE
	EndGlobalSection
	GlobalSection(ExtensibilityGlobals) = postSolution
		SolutionGuid = {F65415F6-CA08-4C6F-A90F-D9BA65DBA525}
	EndGlobalSection
EndGlobal
