
Microsoft Visual Studio Solution File, Format Version 12.00
# Visual Studio Version 17
VisualStudioVersion = 17.11.35327.3
MinimumVisualStudioVersion = 10.0.40219.1
Project("{FAE04EC0-301F-11D3-BF4B-00C04F79EFBC}") = "0.1", "0.1\0.1.csproj", "{559D3912-D44E-4194-AD6A-EE5EDA117CC8}"
EndProject
Project("{FAE04EC0-301F-11D3-BF4B-00C04F79EFBC}") = "0.2", "0.2\0.2.csproj", "{3734302B-9D32-48D2-A466-5FA349BBAFCD}"
EndProject
Project("{FAE04EC0-301F-11D3-BF4B-00C04F79EFBC}") = "0.3", "0.3\0.3.csproj", "{1D4493B3-B4A5-4685-8B4F-D0BA1F61119B}"
EndProject
Project("{FAE04EC0-301F-11D3-BF4B-00C04F79EFBC}") = "0.4", "0.4\0.4.csproj", "{978E4AE9-3ABB-47A4-B361-BCF7F3B72BE7}"
EndProject
Project("{FAE04EC0-301F-11D3-BF4B-00C04F79EFBC}") = "0.5", "0.5\0.5.csproj", "{91945C43-450E-46CA-AFEE-EA0B22415D38}"
EndProject
Project("{FAE04EC0-301F-11D3-BF4B-00C04F79EFBC}") = "0.6", "0.6\0.6.csproj", "{E967FAB4-F38D-4362-8967-8F8E46980F98}"
EndProject
Project("{FAE04EC0-301F-11D3-BF4B-00C04F79EFBC}") = "0.7", "0.7\0.7.csproj", "{361F6457-EC66-4F47-87FD-38BABC915A18}"
EndProject
Project("{FAE04EC0-301F-11D3-BF4B-00C04F79EFBC}") = "0.8", "0.8\0.8.csproj", "{12B083FF-87F5-45A9-95A1-63B5671368AA}"
EndProject
Project("{FAE04EC0-301F-11D3-BF4B-00C04F79EFBC}") = "0.9", "0.9\0.9.csproj", "{CAAD5678-90D0-485F-BC2A-A1AE33026106}"
EndProject
Project("{FAE04EC0-301F-11D3-BF4B-00C04F79EFBC}") = "0.10", "0.10\0.10.csproj", "{5D13C791-5CF7-4D97-9142-04A2FF951841}"
EndProject
Project("{FAE04EC0-301F-11D3-BF4B-00C04F79EFBC}") = "0.11", "0.11\0.11.csproj", "{33BE1625-E4D7-4748-8CAF-B149A8F9C192}"
EndProject
Project("{FAE04EC0-301F-11D3-BF4B-00C04F79EFBC}") = "0.12", "0.12\0.12.csproj", "{E2B9DB8E-0045-4445-9E79-6A637C81E7AE}"
EndProject
Project("{FAE04EC0-301F-11D3-BF4B-00C04F79EFBC}") = "0.13", "0.13\0.13.csproj", "{969A1B2B-FE95-4836-B25E-F35D59C6393B}"
EndProject
Project("{FAE04EC0-301F-11D3-BF4B-00C04F79EFBC}") = "0.14", "0.14\0.14.csproj", "{A0C8EB8F-F75C-48E6-9CC4-9D551A55DF8B}"
EndProject
Project("{FAE04EC0-301F-11D3-BF4B-00C04F79EFBC}") = "0.15", "0.15\0.15.csproj", "{BBB69208-1A51-4771-9C53-BF1DCCA50C6B}"
EndProject
Project("{FAE04EC0-301F-11D3-BF4B-00C04F79EFBC}") = "0.16", "0.16\0.16.csproj", "{EC69B9AC-9C32-4AB1-9F35-64D06B43698E}"
EndProject
Project("{FAE04EC0-301F-11D3-BF4B-00C04F79EFBC}") = "0.17", "0.17\0.17.csproj", "{239DAD34-3F5B-4999-ADEA-1EF31BF7D043}"
EndProject
Project("{FAE04EC0-301F-11D3-BF4B-00C04F79EFBC}") = "0.18", "0.18\0.18.csproj", "{8E1F290F-892E-4366-8085-02C32FEE2D68}"
EndProject
Project("{FAE04EC0-301F-11D3-BF4B-00C04F79EFBC}") = "0.19", "0.19\0.19.csproj", "{DBEA6386-75CE-4F9E-B785-30AD5DF7589B}"
EndProject
Project("{FAE04EC0-301F-11D3-BF4B-00C04F79EFBC}") = "0.21", "0.21\0.21.csproj", "{44F3EB39-A18E-465B-B388-DA8397C88A43}"
EndProject
Project("{FAE04EC0-301F-11D3-BF4B-00C04F79EFBC}") = "0.22", "0.22\0.22.csproj", "{8A22D3D6-849D-4CE3-BE06-30C1B7B92E41}"
EndProject
Project("{FAE04EC0-301F-11D3-BF4B-00C04F79EFBC}") = "0.23", "0.23\0.23.csproj", "{5AB0E82E-A041-4AD6-816E-9EB6358067A5}"
EndProject
Project("{FAE04EC0-301F-11D3-BF4B-00C04F79EFBC}") = "0.24", "0.24\0.24.csproj", "{D627A9AD-31C9-4CD6-95CA-8FEA5BF1C91C}"
EndProject
Project("{FAE04EC0-301F-11D3-BF4B-00C04F79EFBC}") = "0.25", "0.25\0.25.csproj", "{2481E2EF-CA79-4E70-ACF0-B0410A399103}"
EndProject
Project("{FAE04EC0-301F-11D3-BF4B-00C04F79EFBC}") = "0.26", "0.26\0.26.csproj", "{4D1AAE3F-F3A1-426C-B66D-F29B0E185690}"
EndProject
Project("{FAE04EC0-301F-11D3-BF4B-00C04F79EFBC}") = "0.27", "0.27\0.27.csproj", "{7AF3D594-F8DE-4F7A-95DE-CCE5D7EBAF28}"
EndProject
Project("{FAE04EC0-301F-11D3-BF4B-00C04F79EFBC}") = "0.28", "0.28\0.28.csproj", "{ECB790FA-14AA-4B3E-8D6C-85972C6BF900}"
EndProject
Project("{FAE04EC0-301F-11D3-BF4B-00C04F79EFBC}") = "0.29", "0.29\0.29.csproj", "{43971B87-2587-44D7-9FFC-7641F622BB7A}"
EndProject
Project("{FAE04EC0-301F-11D3-BF4B-00C04F79EFBC}") = "0.31", "0.31\0.31.csproj", "{621203DC-8435-4947-9C43-B4BAD474C23E}"
EndProject
Project("{FAE04EC0-301F-11D3-BF4B-00C04F79EFBC}") = "0.32", "0.32\0.32.csproj", "{63E5D158-0701-4E22-A852-D57DCD65EA92}"
EndProject
Project("{FAE04EC0-301F-11D3-BF4B-00C04F79EFBC}") = "0.33", "0.33\0.33.csproj", "{BF55C1F5-98D2-492F-8523-81FC74DE2FFA}"
EndProject
Project("{FAE04EC0-301F-11D3-BF4B-00C04F79EFBC}") = "0.111", "0.111\0.111.csproj", "{009BF030-323B-4322-853E-4EAEDDA4E016}"
EndProject
Project("{FAE04EC0-301F-11D3-BF4B-00C04F79EFBC}") = "0.112", "0.112\0.112.csproj", "{C856F508-8E2C-43FC-96DF-ACB438DBF074}"
EndProject
Global
	GlobalSection(SolutionConfigurationPlatforms) = preSolution
		Debug|Any CPU = Debug|Any CPU
		Release|Any CPU = Release|Any CPU
	EndGlobalSection
	GlobalSection(ProjectConfigurationPlatforms) = postSolution
		{559D3912-D44E-4194-AD6A-EE5EDA117CC8}.Debug|Any CPU.ActiveCfg = Debug|Any CPU
		{559D3912-D44E-4194-AD6A-EE5EDA117CC8}.Debug|Any CPU.Build.0 = Debug|Any CPU
		{559D3912-D44E-4194-AD6A-EE5EDA117CC8}.Release|Any CPU.ActiveCfg = Release|Any CPU
		{559D3912-D44E-4194-AD6A-EE5EDA117CC8}.Release|Any CPU.Build.0 = Release|Any CPU
		{3734302B-9D32-48D2-A466-5FA349BBAFCD}.Debug|Any CPU.ActiveCfg = Debug|Any CPU
		{3734302B-9D32-48D2-A466-5FA349BBAFCD}.Debug|Any CPU.Build.0 = Debug|Any CPU
		{3734302B-9D32-48D2-A466-5FA349BBAFCD}.Release|Any CPU.ActiveCfg = Release|Any CPU
		{3734302B-9D32-48D2-A466-5FA349BBAFCD}.Release|Any CPU.Build.0 = Release|Any CPU
		{1D4493B3-B4A5-4685-8B4F-D0BA1F61119B}.Debug|Any CPU.ActiveCfg = Debug|Any CPU
		{1D4493B3-B4A5-4685-8B4F-D0BA1F61119B}.Debug|Any CPU.Build.0 = Debug|Any CPU
		{1D4493B3-B4A5-4685-8B4F-D0BA1F61119B}.Release|Any CPU.ActiveCfg = Release|Any CPU
		{1D4493B3-B4A5-4685-8B4F-D0BA1F61119B}.Release|Any CPU.Build.0 = Release|Any CPU
		{978E4AE9-3ABB-47A4-B361-BCF7F3B72BE7}.Debug|Any CPU.ActiveCfg = Debug|Any CPU
		{978E4AE9-3ABB-47A4-B361-BCF7F3B72BE7}.Debug|Any CPU.Build.0 = Debug|Any CPU
		{978E4AE9-3ABB-47A4-B361-BCF7F3B72BE7}.Release|Any CPU.ActiveCfg = Release|Any CPU
		{978E4AE9-3ABB-47A4-B361-BCF7F3B72BE7}.Release|Any CPU.Build.0 = Release|Any CPU
		{91945C43-450E-46CA-AFEE-EA0B22415D38}.Debug|Any CPU.ActiveCfg = Debug|Any CPU
		{91945C43-450E-46CA-AFEE-EA0B22415D38}.Debug|Any CPU.Build.0 = Debug|Any CPU
		{91945C43-450E-46CA-AFEE-EA0B22415D38}.Release|Any CPU.ActiveCfg = Release|Any CPU
		{91945C43-450E-46CA-AFEE-EA0B22415D38}.Release|Any CPU.Build.0 = Release|Any CPU
		{E967FAB4-F38D-4362-8967-8F8E46980F98}.Debug|Any CPU.ActiveCfg = Debug|Any CPU
		{E967FAB4-F38D-4362-8967-8F8E46980F98}.Debug|Any CPU.Build.0 = Debug|Any CPU
		{E967FAB4-F38D-4362-8967-8F8E46980F98}.Release|Any CPU.ActiveCfg = Release|Any CPU
		{E967FAB4-F38D-4362-8967-8F8E46980F98}.Release|Any CPU.Build.0 = Release|Any CPU
		{361F6457-EC66-4F47-87FD-38BABC915A18}.Debug|Any CPU.ActiveCfg = Debug|Any CPU
		{361F6457-EC66-4F47-87FD-38BABC915A18}.Debug|Any CPU.Build.0 = Debug|Any CPU
		{361F6457-EC66-4F47-87FD-38BABC915A18}.Release|Any CPU.ActiveCfg = Release|Any CPU
		{361F6457-EC66-4F47-87FD-38BABC915A18}.Release|Any CPU.Build.0 = Release|Any CPU
		{12B083FF-87F5-45A9-95A1-63B5671368AA}.Debug|Any CPU.ActiveCfg = Debug|Any CPU
		{12B083FF-87F5-45A9-95A1-63B5671368AA}.Debug|Any CPU.Build.0 = Debug|Any CPU
		{12B083FF-87F5-45A9-95A1-63B5671368AA}.Release|Any CPU.ActiveCfg = Release|Any CPU
		{12B083FF-87F5-45A9-95A1-63B5671368AA}.Release|Any CPU.Build.0 = Release|Any CPU
		{CAAD5678-90D0-485F-BC2A-A1AE33026106}.Debug|Any CPU.ActiveCfg = Debug|Any CPU
		{CAAD5678-90D0-485F-BC2A-A1AE33026106}.Debug|Any CPU.Build.0 = Debug|Any CPU
		{CAAD5678-90D0-485F-BC2A-A1AE33026106}.Release|Any CPU.ActiveCfg = Release|Any CPU
		{CAAD5678-90D0-485F-BC2A-A1AE33026106}.Release|Any CPU.Build.0 = Release|Any CPU
		{5D13C791-5CF7-4D97-9142-04A2FF951841}.Debug|Any CPU.ActiveCfg = Debug|Any CPU
		{5D13C791-5CF7-4D97-9142-04A2FF951841}.Debug|Any CPU.Build.0 = Debug|Any CPU
		{5D13C791-5CF7-4D97-9142-04A2FF951841}.Release|Any CPU.ActiveCfg = Release|Any CPU
		{5D13C791-5CF7-4D97-9142-04A2FF951841}.Release|Any CPU.Build.0 = Release|Any CPU
		{33BE1625-E4D7-4748-8CAF-B149A8F9C192}.Debug|Any CPU.ActiveCfg = Debug|Any CPU
		{33BE1625-E4D7-4748-8CAF-B149A8F9C192}.Debug|Any CPU.Build.0 = Debug|Any CPU
		{33BE1625-E4D7-4748-8CAF-B149A8F9C192}.Release|Any CPU.ActiveCfg = Release|Any CPU
		{33BE1625-E4D7-4748-8CAF-B149A8F9C192}.Release|Any CPU.Build.0 = Release|Any CPU
		{E2B9DB8E-0045-4445-9E79-6A637C81E7AE}.Debug|Any CPU.ActiveCfg = Debug|Any CPU
		{E2B9DB8E-0045-4445-9E79-6A637C81E7AE}.Debug|Any CPU.Build.0 = Debug|Any CPU
		{E2B9DB8E-0045-4445-9E79-6A637C81E7AE}.Release|Any CPU.ActiveCfg = Release|Any CPU
		{E2B9DB8E-0045-4445-9E79-6A637C81E7AE}.Release|Any CPU.Build.0 = Release|Any CPU
		{969A1B2B-FE95-4836-B25E-F35D59C6393B}.Debug|Any CPU.ActiveCfg = Debug|Any CPU
		{969A1B2B-FE95-4836-B25E-F35D59C6393B}.Debug|Any CPU.Build.0 = Debug|Any CPU
		{969A1B2B-FE95-4836-B25E-F35D59C6393B}.Release|Any CPU.ActiveCfg = Release|Any CPU
		{969A1B2B-FE95-4836-B25E-F35D59C6393B}.Release|Any CPU.Build.0 = Release|Any CPU
		{A0C8EB8F-F75C-48E6-9CC4-9D551A55DF8B}.Debug|Any CPU.ActiveCfg = Debug|Any CPU
		{A0C8EB8F-F75C-48E6-9CC4-9D551A55DF8B}.Debug|Any CPU.Build.0 = Debug|Any CPU
		{A0C8EB8F-F75C-48E6-9CC4-9D551A55DF8B}.Release|Any CPU.ActiveCfg = Release|Any CPU
		{A0C8EB8F-F75C-48E6-9CC4-9D551A55DF8B}.Release|Any CPU.Build.0 = Release|Any CPU
		{BBB69208-1A51-4771-9C53-BF1DCCA50C6B}.Debug|Any CPU.ActiveCfg = Debug|Any CPU
		{BBB69208-1A51-4771-9C53-BF1DCCA50C6B}.Debug|Any CPU.Build.0 = Debug|Any CPU
		{BBB69208-1A51-4771-9C53-BF1DCCA50C6B}.Release|Any CPU.ActiveCfg = Release|Any CPU
		{BBB69208-1A51-4771-9C53-BF1DCCA50C6B}.Release|Any CPU.Build.0 = Release|Any CPU
		{EC69B9AC-9C32-4AB1-9F35-64D06B43698E}.Debug|Any CPU.ActiveCfg = Debug|Any CPU
		{EC69B9AC-9C32-4AB1-9F35-64D06B43698E}.Debug|Any CPU.Build.0 = Debug|Any CPU
		{EC69B9AC-9C32-4AB1-9F35-64D06B43698E}.Release|Any CPU.ActiveCfg = Release|Any CPU
		{EC69B9AC-9C32-4AB1-9F35-64D06B43698E}.Release|Any CPU.Build.0 = Release|Any CPU
		{239DAD34-3F5B-4999-ADEA-1EF31BF7D043}.Debug|Any CPU.ActiveCfg = Debug|Any CPU
		{239DAD34-3F5B-4999-ADEA-1EF31BF7D043}.Debug|Any CPU.Build.0 = Debug|Any CPU
		{239DAD34-3F5B-4999-ADEA-1EF31BF7D043}.Release|Any CPU.ActiveCfg = Release|Any CPU
		{239DAD34-3F5B-4999-ADEA-1EF31BF7D043}.Release|Any CPU.Build.0 = Release|Any CPU
		{8E1F290F-892E-4366-8085-02C32FEE2D68}.Debug|Any CPU.ActiveCfg = Debug|Any CPU
		{8E1F290F-892E-4366-8085-02C32FEE2D68}.Debug|Any CPU.Build.0 = Debug|Any CPU
		{8E1F290F-892E-4366-8085-02C32FEE2D68}.Release|Any CPU.ActiveCfg = Release|Any CPU
		{8E1F290F-892E-4366-8085-02C32FEE2D68}.Release|Any CPU.Build.0 = Release|Any CPU
		{DBEA6386-75CE-4F9E-B785-30AD5DF7589B}.Debug|Any CPU.ActiveCfg = Debug|Any CPU
		{DBEA6386-75CE-4F9E-B785-30AD5DF7589B}.Debug|Any CPU.Build.0 = Debug|Any CPU
		{DBEA6386-75CE-4F9E-B785-30AD5DF7589B}.Release|Any CPU.ActiveCfg = Release|Any CPU
		{DBEA6386-75CE-4F9E-B785-30AD5DF7589B}.Release|Any CPU.Build.0 = Release|Any CPU
		{44F3EB39-A18E-465B-B388-DA8397C88A43}.Debug|Any CPU.ActiveCfg = Debug|Any CPU
		{44F3EB39-A18E-465B-B388-DA8397C88A43}.Debug|Any CPU.Build.0 = Debug|Any CPU
		{44F3EB39-A18E-465B-B388-DA8397C88A43}.Release|Any CPU.ActiveCfg = Release|Any CPU
		{44F3EB39-A18E-465B-B388-DA8397C88A43}.Release|Any CPU.Build.0 = Release|Any CPU
		{8A22D3D6-849D-4CE3-BE06-30C1B7B92E41}.Debug|Any CPU.ActiveCfg = Debug|Any CPU
		{8A22D3D6-849D-4CE3-BE06-30C1B7B92E41}.Debug|Any CPU.Build.0 = Debug|Any CPU
		{8A22D3D6-849D-4CE3-BE06-30C1B7B92E41}.Release|Any CPU.ActiveCfg = Release|Any CPU
		{8A22D3D6-849D-4CE3-BE06-30C1B7B92E41}.Release|Any CPU.Build.0 = Release|Any CPU
		{5AB0E82E-A041-4AD6-816E-9EB6358067A5}.Debug|Any CPU.ActiveCfg = Debug|Any CPU
		{5AB0E82E-A041-4AD6-816E-9EB6358067A5}.Debug|Any CPU.Build.0 = Debug|Any CPU
		{5AB0E82E-A041-4AD6-816E-9EB6358067A5}.Release|Any CPU.ActiveCfg = Release|Any CPU
		{5AB0E82E-A041-4AD6-816E-9EB6358067A5}.Release|Any CPU.Build.0 = Release|Any CPU
		{D627A9AD-31C9-4CD6-95CA-8FEA5BF1C91C}.Debug|Any CPU.ActiveCfg = Debug|Any CPU
		{D627A9AD-31C9-4CD6-95CA-8FEA5BF1C91C}.Debug|Any CPU.Build.0 = Debug|Any CPU
		{D627A9AD-31C9-4CD6-95CA-8FEA5BF1C91C}.Release|Any CPU.ActiveCfg = Release|Any CPU
		{D627A9AD-31C9-4CD6-95CA-8FEA5BF1C91C}.Release|Any CPU.Build.0 = Release|Any CPU
		{2481E2EF-CA79-4E70-ACF0-B0410A399103}.Debug|Any CPU.ActiveCfg = Debug|Any CPU
		{2481E2EF-CA79-4E70-ACF0-B0410A399103}.Debug|Any CPU.Build.0 = Debug|Any CPU
		{2481E2EF-CA79-4E70-ACF0-B0410A399103}.Release|Any CPU.ActiveCfg = Release|Any CPU
		{2481E2EF-CA79-4E70-ACF0-B0410A399103}.Release|Any CPU.Build.0 = Release|Any CPU
		{4D1AAE3F-F3A1-426C-B66D-F29B0E185690}.Debug|Any CPU.ActiveCfg = Debug|Any CPU
		{4D1AAE3F-F3A1-426C-B66D-F29B0E185690}.Debug|Any CPU.Build.0 = Debug|Any CPU
		{4D1AAE3F-F3A1-426C-B66D-F29B0E185690}.Release|Any CPU.ActiveCfg = Release|Any CPU
		{4D1AAE3F-F3A1-426C-B66D-F29B0E185690}.Release|Any CPU.Build.0 = Release|Any CPU
		{7AF3D594-F8DE-4F7A-95DE-CCE5D7EBAF28}.Debug|Any CPU.ActiveCfg = Debug|Any CPU
		{7AF3D594-F8DE-4F7A-95DE-CCE5D7EBAF28}.Debug|Any CPU.Build.0 = Debug|Any CPU
		{7AF3D594-F8DE-4F7A-95DE-CCE5D7EBAF28}.Release|Any CPU.ActiveCfg = Release|Any CPU
		{7AF3D594-F8DE-4F7A-95DE-CCE5D7EBAF28}.Release|Any CPU.Build.0 = Release|Any CPU
		{ECB790FA-14AA-4B3E-8D6C-85972C6BF900}.Debug|Any CPU.ActiveCfg = Debug|Any CPU
		{ECB790FA-14AA-4B3E-8D6C-85972C6BF900}.Debug|Any CPU.Build.0 = Debug|Any CPU
		{ECB790FA-14AA-4B3E-8D6C-85972C6BF900}.Release|Any CPU.ActiveCfg = Release|Any CPU
		{ECB790FA-14AA-4B3E-8D6C-85972C6BF900}.Release|Any CPU.Build.0 = Release|Any CPU
		{43971B87-2587-44D7-9FFC-7641F622BB7A}.Debug|Any CPU.ActiveCfg = Debug|Any CPU
		{43971B87-2587-44D7-9FFC-7641F622BB7A}.Debug|Any CPU.Build.0 = Debug|Any CPU
		{43971B87-2587-44D7-9FFC-7641F622BB7A}.Release|Any CPU.ActiveCfg = Release|Any CPU
		{43971B87-2587-44D7-9FFC-7641F622BB7A}.Release|Any CPU.Build.0 = Release|Any CPU
		{621203DC-8435-4947-9C43-B4BAD474C23E}.Debug|Any CPU.ActiveCfg = Debug|Any CPU
		{621203DC-8435-4947-9C43-B4BAD474C23E}.Debug|Any CPU.Build.0 = Debug|Any CPU
		{621203DC-8435-4947-9C43-B4BAD474C23E}.Release|Any CPU.ActiveCfg = Release|Any CPU
		{621203DC-8435-4947-9C43-B4BAD474C23E}.Release|Any CPU.Build.0 = Release|Any CPU
		{63E5D158-0701-4E22-A852-D57DCD65EA92}.Debug|Any CPU.ActiveCfg = Debug|Any CPU
		{63E5D158-0701-4E22-A852-D57DCD65EA92}.Debug|Any CPU.Build.0 = Debug|Any CPU
		{63E5D158-0701-4E22-A852-D57DCD65EA92}.Release|Any CPU.ActiveCfg = Release|Any CPU
		{63E5D158-0701-4E22-A852-D57DCD65EA92}.Release|Any CPU.Build.0 = Release|Any CPU
		{BF55C1F5-98D2-492F-8523-81FC74DE2FFA}.Debug|Any CPU.ActiveCfg = Debug|Any CPU
		{BF55C1F5-98D2-492F-8523-81FC74DE2FFA}.Debug|Any CPU.Build.0 = Debug|Any CPU
		{BF55C1F5-98D2-492F-8523-81FC74DE2FFA}.Release|Any CPU.ActiveCfg = Release|Any CPU
		{BF55C1F5-98D2-492F-8523-81FC74DE2FFA}.Release|Any CPU.Build.0 = Release|Any CPU
		{009BF030-323B-4322-853E-4EAEDDA4E016}.Debug|Any CPU.ActiveCfg = Debug|Any CPU
		{009BF030-323B-4322-853E-4EAEDDA4E016}.Debug|Any CPU.Build.0 = Debug|Any CPU
		{009BF030-323B-4322-853E-4EAEDDA4E016}.Release|Any CPU.ActiveCfg = Release|Any CPU
		{009BF030-323B-4322-853E-4EAEDDA4E016}.Release|Any CPU.Build.0 = Release|Any CPU
		{C856F508-8E2C-43FC-96DF-ACB438DBF074}.Debug|Any CPU.ActiveCfg = Debug|Any CPU
		{C856F508-8E2C-43FC-96DF-ACB438DBF074}.Debug|Any CPU.Build.0 = Debug|Any CPU
		{C856F508-8E2C-43FC-96DF-ACB438DBF074}.Release|Any CPU.ActiveCfg = Release|Any CPU
		{C856F508-8E2C-43FC-96DF-ACB438DBF074}.Release|Any CPU.Build.0 = Release|Any CPU
	EndGlobalSection
	GlobalSection(SolutionProperties) = preSolution
		HideSolutionNode = FALSE
	EndGlobalSection
	GlobalSection(ExtensibilityGlobals) = postSolution
		SolutionGuid = {F65415F6-CA08-4C6F-A90F-D9BA65DBA525}
	EndGlobalSection
EndGlobal
