
Microsoft Visual Studio Solution File, Format Version 12.00
# Visual Studio Version 17
VisualStudioVersion = 17.11.35327.3
MinimumVisualStudioVersion = 10.0.40219.1
Project("{FAE04EC0-301F-11D3-BF4B-00C04F79EFBC}") = "zadanie 1", "zadanie 1\zadanie 1.csproj", "{70D2FF6E-4E66-47E8-AEA9-4453BC4C4E4C}"
EndProject
Global
	GlobalSection(SolutionConfigurationPlatforms) = preSolution
		Debug|Any CPU = Debug|Any CPU
		Release|Any CPU = Release|Any CPU
	EndGlobalSection
	GlobalSection(ProjectConfigurationPlatforms) = postSolution
		{70D2FF6E-4E66-47E8-AEA9-4453BC4C4E4C}.Debug|Any CPU.ActiveCfg = Debug|Any CPU
		{70D2FF6E-4E66-47E8-AEA9-4453BC4C4E4C}.Debug|Any CPU.Build.0 = Debug|Any CPU
		{70D2FF6E-4E66-47E8-AEA9-4453BC4C4E4C}.Release|Any CPU.ActiveCfg = Release|Any CPU
		{70D2FF6E-4E66-47E8-AEA9-4453BC4C4E4C}.Release|Any CPU.Build.0 = Release|Any CPU
	EndGlobalSection
	GlobalSection(SolutionProperties) = preSolution
		HideSolutionNode = FALSE
	EndGlobalSection
	GlobalSection(ExtensibilityGlobals) = postSolution
		SolutionGuid = {F65415F6-CA08-4C6F-A90F-D9BA65DBA525}
	EndGlobalSection
EndGlobal
